{
  "name": "react-native-mix-toast",
  "version": "0.0.8",
  "lockfileVersion": 1,
  "requires": true,
  "dependencies": {
    "react-native-root-siblings": {
      "version": "4.0.6",
      "resolved": "https://registry.npmjs.org/react-native-root-siblings/-/react-native-root-siblings-4.0.6.tgz",
      "integrity": "sha512-u/MaJLdD3bnshDFg8HWB0Xys1xlkQy6++3QthQlYw4kOFElobb6V1IIn5r46JvBTr9cf6dXsrFC4zPVXuwW1ww==",
      "requires": {
        "static-container": "^1.5.1"
      }
    },
    "static-container": {
      "version": "1.5.1",
      "resolved": "https://registry.npmjs.org/static-container/-/static-container-1.5.1.tgz",
      "integrity": "sha512-OFChfLKIvSzaMA3otS5CEabJTIzHFPhMxogIT+io4F207PXTvS6woFyjXIyXyqMIYAhryePGeFZYC6uLcG1lpA=="
    }
  }
}
